
Microsoft Visual Studio Solution File, Format Version 12.00
# Visual Studio 15
VisualStudioVersion = 15.0.27004.2005
MinimumVisualStudioVersion = 10.0.40219.1
Project("{FAE04EC0-301F-11D3-BF4B-00C04F79EFBC}") = "Astra.Test", "src\Astra.Test\Astra.Test.csproj", "{599E4EFD-A91B-4902-B1D5-E565D3B87DD1}"
EndProject
Project("{FAE04EC0-301F-11D3-BF4B-00C04F79EFBC}") = "Astra", "src\Astra\Astra.csproj", "{0C6495CC-308F-47E1-882F-A442F15F0BDF}"
EndProject
Project("{FAE04EC0-301F-11D3-BF4B-00C04F79EFBC}") = "Astra.Core", "src\Astra.Core\Astra.Core.csproj", "{84416DC1-7A8D-48F1-9617-96BCB58A671E}"
EndProject
Project("{FAE04EC0-301F-11D3-BF4B-00C04F79EFBC}") = "Astra.Backend", "src\Astra.Backend\Astra.Backend.csproj", "{797C3C50-6564-45C0-9E4C-7FA5C15E349A}"
EndProject
Project("{FAE04EC0-301F-11D3-BF4B-00C04F79EFBC}") = "Astra.API", "src\Astra.API\Astra.API.csproj", "{3271AE75-432E-48BF-8498-FFBB206CD54E}"
EndProject
Project("{2150E333-8FDC-42A3-9474-1A3956D46DE8}") = "Web", "Web", "{C60D998B-C1D8-401C-8E46-3F0F07BA411F}"
EndProject
Project("{2150E333-8FDC-42A3-9474-1A3956D46DE8}") = "Frameworks", "Frameworks", "{B96EA270-3E1B-47AB-B4B4-4ABD06D7343D}"
EndProject
Project("{2150E333-8FDC-42A3-9474-1A3956D46DE8}") = "Tests", "Tests", "{78E9522F-5D42-4305-A47E-25C7E16E7C37}"
EndProject
Project("{FAE04EC0-301F-11D3-BF4B-00C04F79EFBC}") = "Astra.Identity", "src\Astra.Identity\Astra.Identity.csproj", "{9D83BC3E-C073-48DD-AD06-10E8F14391C8}"
EndProject
Project("{FAE04EC0-301F-11D3-BF4B-00C04F79EFBC}") = "Astra.EntityFramework", "src\Astra.EntityFramework\Astra.EntityFramework.csproj", "{232A99BB-6002-4C24-A8E7-0AFCFF3225A2}"
EndProject
Project("{FAE04EC0-301F-11D3-BF4B-00C04F79EFBC}") = "Astra.Caching", "src\Astra.Caching\Astra.Caching.csproj", "{3B30B308-C373-4833-AFF4-732F33A78026}"
EndProject
Project("{FAE04EC0-301F-11D3-BF4B-00C04F79EFBC}") = "Astra.Logging", "src\Astra.Logging\Astra.Logging.csproj", "{0F66E1FE-D074-4BC2-B810-0EB1B98BE2AA}"
EndProject
Project("{FAE04EC0-301F-11D3-BF4B-00C04F79EFBC}") = "Astra.ToDo", "src\Astra.ToDo\Astra.ToDo.csproj", "{55021522-D229-41BC-B8FD-408412D58887}"
EndProject
Project("{FAE04EC0-301F-11D3-BF4B-00C04F79EFBC}") = "Astra.WebFramework", "src\Astra.WebFramework\Astra.WebFramework.csproj", "{CC0CDB9D-CBCE-43D4-BD5F-253227ED6A3E}"
EndProject
Project("{2150E333-8FDC-42A3-9474-1A3956D46DE8}") = "Apps.ToDo", "Apps.ToDo", "{971EC188-1A34-44C0-BE0E-9173ABEB07F4}"
EndProject
Global
	GlobalSection(SolutionConfigurationPlatforms) = preSolution
		Debug|Any CPU = Debug|Any CPU
		Release|Any CPU = Release|Any CPU
	EndGlobalSection
	GlobalSection(ProjectConfigurationPlatforms) = postSolution
		{599E4EFD-A91B-4902-B1D5-E565D3B87DD1}.Debug|Any CPU.ActiveCfg = Debug|Any CPU
		{599E4EFD-A91B-4902-B1D5-E565D3B87DD1}.Debug|Any CPU.Build.0 = Debug|Any CPU
		{599E4EFD-A91B-4902-B1D5-E565D3B87DD1}.Release|Any CPU.ActiveCfg = Release|Any CPU
		{599E4EFD-A91B-4902-B1D5-E565D3B87DD1}.Release|Any CPU.Build.0 = Release|Any CPU
		{0C6495CC-308F-47E1-882F-A442F15F0BDF}.Debug|Any CPU.ActiveCfg = Debug|Any CPU
		{0C6495CC-308F-47E1-882F-A442F15F0BDF}.Debug|Any CPU.Build.0 = Debug|Any CPU
		{0C6495CC-308F-47E1-882F-A442F15F0BDF}.Release|Any CPU.ActiveCfg = Release|Any CPU
		{0C6495CC-308F-47E1-882F-A442F15F0BDF}.Release|Any CPU.Build.0 = Release|Any CPU
		{84416DC1-7A8D-48F1-9617-96BCB58A671E}.Debug|Any CPU.ActiveCfg = Debug|Any CPU
		{84416DC1-7A8D-48F1-9617-96BCB58A671E}.Debug|Any CPU.Build.0 = Debug|Any CPU
		{84416DC1-7A8D-48F1-9617-96BCB58A671E}.Release|Any CPU.ActiveCfg = Release|Any CPU
		{84416DC1-7A8D-48F1-9617-96BCB58A671E}.Release|Any CPU.Build.0 = Release|Any CPU
		{797C3C50-6564-45C0-9E4C-7FA5C15E349A}.Debug|Any CPU.ActiveCfg = Debug|Any CPU
		{797C3C50-6564-45C0-9E4C-7FA5C15E349A}.Debug|Any CPU.Build.0 = Debug|Any CPU
		{797C3C50-6564-45C0-9E4C-7FA5C15E349A}.Release|Any CPU.ActiveCfg = Release|Any CPU
		{797C3C50-6564-45C0-9E4C-7FA5C15E349A}.Release|Any CPU.Build.0 = Release|Any CPU
		{3271AE75-432E-48BF-8498-FFBB206CD54E}.Debug|Any CPU.ActiveCfg = Debug|Any CPU
		{3271AE75-432E-48BF-8498-FFBB206CD54E}.Debug|Any CPU.Build.0 = Debug|Any CPU
		{3271AE75-432E-48BF-8498-FFBB206CD54E}.Release|Any CPU.ActiveCfg = Release|Any CPU
		{3271AE75-432E-48BF-8498-FFBB206CD54E}.Release|Any CPU.Build.0 = Release|Any CPU
		{9D83BC3E-C073-48DD-AD06-10E8F14391C8}.Debug|Any CPU.ActiveCfg = Debug|Any CPU
		{9D83BC3E-C073-48DD-AD06-10E8F14391C8}.Debug|Any CPU.Build.0 = Debug|Any CPU
		{9D83BC3E-C073-48DD-AD06-10E8F14391C8}.Release|Any CPU.ActiveCfg = Release|Any CPU
		{9D83BC3E-C073-48DD-AD06-10E8F14391C8}.Release|Any CPU.Build.0 = Release|Any CPU
		{232A99BB-6002-4C24-A8E7-0AFCFF3225A2}.Debug|Any CPU.ActiveCfg = Debug|Any CPU
		{232A99BB-6002-4C24-A8E7-0AFCFF3225A2}.Debug|Any CPU.Build.0 = Debug|Any CPU
		{232A99BB-6002-4C24-A8E7-0AFCFF3225A2}.Release|Any CPU.ActiveCfg = Release|Any CPU
		{232A99BB-6002-4C24-A8E7-0AFCFF3225A2}.Release|Any CPU.Build.0 = Release|Any CPU
		{3B30B308-C373-4833-AFF4-732F33A78026}.Debug|Any CPU.ActiveCfg = Debug|Any CPU
		{3B30B308-C373-4833-AFF4-732F33A78026}.Debug|Any CPU.Build.0 = Debug|Any CPU
		{3B30B308-C373-4833-AFF4-732F33A78026}.Release|Any CPU.ActiveCfg = Release|Any CPU
		{3B30B308-C373-4833-AFF4-732F33A78026}.Release|Any CPU.Build.0 = Release|Any CPU
		{0F66E1FE-D074-4BC2-B810-0EB1B98BE2AA}.Debug|Any CPU.ActiveCfg = Debug|Any CPU
		{0F66E1FE-D074-4BC2-B810-0EB1B98BE2AA}.Debug|Any CPU.Build.0 = Debug|Any CPU
		{0F66E1FE-D074-4BC2-B810-0EB1B98BE2AA}.Release|Any CPU.ActiveCfg = Release|Any CPU
		{0F66E1FE-D074-4BC2-B810-0EB1B98BE2AA}.Release|Any CPU.Build.0 = Release|Any CPU
		{55021522-D229-41BC-B8FD-408412D58887}.Debug|Any CPU.ActiveCfg = Debug|Any CPU
		{55021522-D229-41BC-B8FD-408412D58887}.Debug|Any CPU.Build.0 = Debug|Any CPU
		{55021522-D229-41BC-B8FD-408412D58887}.Release|Any CPU.ActiveCfg = Release|Any CPU
		{55021522-D229-41BC-B8FD-408412D58887}.Release|Any CPU.Build.0 = Release|Any CPU
		{CC0CDB9D-CBCE-43D4-BD5F-253227ED6A3E}.Debug|Any CPU.ActiveCfg = Debug|Any CPU
		{CC0CDB9D-CBCE-43D4-BD5F-253227ED6A3E}.Debug|Any CPU.Build.0 = Debug|Any CPU
		{CC0CDB9D-CBCE-43D4-BD5F-253227ED6A3E}.Release|Any CPU.ActiveCfg = Release|Any CPU
		{CC0CDB9D-CBCE-43D4-BD5F-253227ED6A3E}.Release|Any CPU.Build.0 = Release|Any CPU
	EndGlobalSection
	GlobalSection(SolutionProperties) = preSolution
		HideSolutionNode = FALSE
	EndGlobalSection
	GlobalSection(NestedProjects) = preSolution
		{599E4EFD-A91B-4902-B1D5-E565D3B87DD1} = {78E9522F-5D42-4305-A47E-25C7E16E7C37}
		{0C6495CC-308F-47E1-882F-A442F15F0BDF} = {B96EA270-3E1B-47AB-B4B4-4ABD06D7343D}
		{84416DC1-7A8D-48F1-9617-96BCB58A671E} = {B96EA270-3E1B-47AB-B4B4-4ABD06D7343D}
		{797C3C50-6564-45C0-9E4C-7FA5C15E349A} = {C60D998B-C1D8-401C-8E46-3F0F07BA411F}
		{3271AE75-432E-48BF-8498-FFBB206CD54E} = {C60D998B-C1D8-401C-8E46-3F0F07BA411F}
		{9D83BC3E-C073-48DD-AD06-10E8F14391C8} = {C60D998B-C1D8-401C-8E46-3F0F07BA411F}
		{232A99BB-6002-4C24-A8E7-0AFCFF3225A2} = {B96EA270-3E1B-47AB-B4B4-4ABD06D7343D}
		{3B30B308-C373-4833-AFF4-732F33A78026} = {B96EA270-3E1B-47AB-B4B4-4ABD06D7343D}
		{0F66E1FE-D074-4BC2-B810-0EB1B98BE2AA} = {B96EA270-3E1B-47AB-B4B4-4ABD06D7343D}
		{55021522-D229-41BC-B8FD-408412D58887} = {971EC188-1A34-44C0-BE0E-9173ABEB07F4}
		{CC0CDB9D-CBCE-43D4-BD5F-253227ED6A3E} = {B96EA270-3E1B-47AB-B4B4-4ABD06D7343D}
	EndGlobalSection
	GlobalSection(ExtensibilityGlobals) = postSolution
		SolutionGuid = {FBD42285-C35A-446A-98FB-1F04CAAF6ABF}
	EndGlobalSection
EndGlobal
